
Microsoft Visual Studio Solution File, Format Version 12.00
# Visual Studio Version 17
VisualStudioVersion = 17.14.36717.8
MinimumVisualStudioVersion = 10.0.40219.1
Project("{FAE04EC0-301F-11D3-BF4B-00C04F79EFBC}") = "Tasks", "ProductTask\Tasks.csproj", "{08849FE3-2C5F-4A33-9EC4-DE848C4545BB}"
EndProject
Global
	GlobalSection(SolutionConfigurationPlatforms) = preSolution
		Debug|Any CPU = Debug|Any CPU
		Release|Any CPU = Release|Any CPU
	EndGlobalSection
	GlobalSection(ProjectConfigurationPlatforms) = postSolution
		{08849FE3-2C5F-4A33-9EC4-DE848C4545BB}.Debug|Any CPU.ActiveCfg = Debug|Any CPU
		{08849FE3-2C5F-4A33-9EC4-DE848C4545BB}.Debug|Any CPU.Build.0 = Debug|Any CPU
		{08849FE3-2C5F-4A33-9EC4-DE848C4545BB}.Release|Any CPU.ActiveCfg = Release|Any CPU
		{08849FE3-2C5F-4A33-9EC4-DE848C4545BB}.Release|Any CPU.Build.0 = Release|Any CPU
	EndGlobalSection
	GlobalSection(SolutionProperties) = preSolution
		HideSolutionNode = FALSE
	EndGlobalSection
	GlobalSection(ExtensibilityGlobals) = postSolution
		SolutionGuid = {BAF6ECD6-4E9D-4B33-8713-1A778C0102D7}
	EndGlobalSection
EndGlobal
